<?xml version="1.0" encoding="UTF-8"?>
<Scheme
   version = "1.3">
   <BuildAction>
      <BuildActionEntries>
         <BuildActionEntry
            buildForRunning = "YES">
            <BuildableReference
               BuildableIdentifier = "primary"
               BlueprintIdentifier = "C1C42D3826F7EAB000A0CE43"
               BuildableName = "touchdown-swift.app"
               BlueprintName = "touchdown-swift"
               ReferencedContainer = "container:touchdown-swift.xcodeproj">
            </BuildableReference>
         </BuildActionEntry>
      </BuildActionEntries>
   </BuildAction>
   <LaunchAction
      useCustomWorkingDirectory = "NO"
      buildConfiguration = "Debug"
      allowLocationSimulation = "YES">
      <BuildableProductRunnable>
         <BuildableReference
            BuildableIdentifier = "primary"
            BlueprintIdentifier = "C1C42D3826F7EAB000A0CE43"
            BuildableName = "touchdown-swift.app"
            BlueprintName = "touchdown-swift"
            ReferencedContainer = "container:touchdown-swift.xcodeproj">
         </BuildableReference>
      </BuildableProductRunnable>
   </LaunchAction>
</Scheme>
